
Microsoft Visual Studio Solution File, Format Version 11.00
# Visual Studio 2010
Project("{FAE04EC0-301F-11D3-BF4B-00C04F79EFBC}") = "AGBC18", "Assembly-CSharp.csproj", "{DAEE1625-2DF1-99C9-FA56-2E25C1611626}"
EndProject
Project("{FAE04EC0-301F-11D3-BF4B-00C04F79EFBC}") = "AGBC18", "Assembly-CSharp-firstpass.csproj", "{B1D39E1A-33D6-C1F5-A60B-6A1EE079BF1C}"
EndProject
Project("{FAE04EC0-301F-11D3-BF4B-00C04F79EFBC}") = "AGBC18", "Assembly-CSharp-Editor-firstpass.csproj", "{37271911-274A-48C9-1805-2D64FA964711}"
EndProject
Project("{FAE04EC0-301F-11D3-BF4B-00C04F79EFBC}") = "AGBC18", "Assembly-CSharp-Editor.csproj", "{467D07ED-6661-259E-4000-0AE0FA456B79}"
EndProject
Global
	GlobalSection(SolutionConfigurationPlatforms) = preSolution
		Debug|Any CPU = Debug|Any CPU
		Release|Any CPU = Release|Any CPU
	EndGlobalSection
	GlobalSection(ProjectConfigurationPlatforms) = postSolution
		{DAEE1625-2DF1-99C9-FA56-2E25C1611626}.Debug|Any CPU.ActiveCfg = Debug|Any CPU
		{DAEE1625-2DF1-99C9-FA56-2E25C1611626}.Debug|Any CPU.Build.0 = Debug|Any CPU
		{DAEE1625-2DF1-99C9-FA56-2E25C1611626}.Release|Any CPU.ActiveCfg = Release|Any CPU
		{DAEE1625-2DF1-99C9-FA56-2E25C1611626}.Release|Any CPU.Build.0 = Release|Any CPU
		{B1D39E1A-33D6-C1F5-A60B-6A1EE079BF1C}.Debug|Any CPU.ActiveCfg = Debug|Any CPU
		{B1D39E1A-33D6-C1F5-A60B-6A1EE079BF1C}.Debug|Any CPU.Build.0 = Debug|Any CPU
		{B1D39E1A-33D6-C1F5-A60B-6A1EE079BF1C}.Release|Any CPU.ActiveCfg = Release|Any CPU
		{B1D39E1A-33D6-C1F5-A60B-6A1EE079BF1C}.Release|Any CPU.Build.0 = Release|Any CPU
		{37271911-274A-48C9-1805-2D64FA964711}.Debug|Any CPU.ActiveCfg = Debug|Any CPU
		{37271911-274A-48C9-1805-2D64FA964711}.Debug|Any CPU.Build.0 = Debug|Any CPU
		{37271911-274A-48C9-1805-2D64FA964711}.Release|Any CPU.ActiveCfg = Release|Any CPU
		{37271911-274A-48C9-1805-2D64FA964711}.Release|Any CPU.Build.0 = Release|Any CPU
		{467D07ED-6661-259E-4000-0AE0FA456B79}.Debug|Any CPU.ActiveCfg = Debug|Any CPU
		{467D07ED-6661-259E-4000-0AE0FA456B79}.Debug|Any CPU.Build.0 = Debug|Any CPU
		{467D07ED-6661-259E-4000-0AE0FA456B79}.Release|Any CPU.ActiveCfg = Release|Any CPU
		{467D07ED-6661-259E-4000-0AE0FA456B79}.Release|Any CPU.Build.0 = Release|Any CPU
	EndGlobalSection
	GlobalSection(SolutionProperties) = preSolution
		HideSolutionNode = FALSE
	EndGlobalSection
	GlobalSection(MonoDevelopProperties) = preSolution
		StartupItem = Assembly-CSharp.csproj
	EndGlobalSection
EndGlobal
